
Microsoft Visual Studio Solution File, Format Version 12.00
# Visual Studio 2012
Project("{FAE04EC0-301F-11D3-BF4B-00C04F79EFBC}") = "FibonacciSequence", "FibonacciSequence\FibonacciSequence.csproj", "{CC753063-AA28-47A8-A7CC-8F0B97CA0F84}"
EndProject
Global
	GlobalSection(SolutionConfigurationPlatforms) = preSolution
		Debug|Any CPU = Debug|Any CPU
		Release|Any CPU = Release|Any CPU
	EndGlobalSection
	GlobalSection(ProjectConfigurationPlatforms) = postSolution
		{CC753063-AA28-47A8-A7CC-8F0B97CA0F84}.Debug|Any CPU.ActiveCfg = Debug|Any CPU
		{CC753063-AA28-47A8-A7CC-8F0B97CA0F84}.Debug|Any CPU.Build.0 = Debug|Any CPU
		{CC753063-AA28-47A8-A7CC-8F0B97CA0F84}.Release|Any CPU.ActiveCfg = Release|Any CPU
		{CC753063-AA28-47A8-A7CC-8F0B97CA0F84}.Release|Any CPU.Build.0 = Release|Any CPU
	EndGlobalSection
	GlobalSection(SolutionProperties) = preSolution
		HideSolutionNode = FALSE
	EndGlobalSection
EndGlobal
